// !$*UTF8*$!
{
	archiveVersion = 1;
	classes = {
	};
	objectVersion = 77;
	objects = {

/* Begin PBXBuildFile section */
		93DD9EC92E3EF55900D353FB /* Supabase in Frameworks */ = {isa = PBXBuildFile; productRef = 93DD9EC82E3EF55900D353FB /* Supabase */; };
		93DD9ECB2E3EF55D00D353FB /* Auth in Frameworks */ = {isa = PBXBuildFile; productRef = 93DD9ECA2E3EF55D00D353FB /* Auth */; };
		93DD9ECD2E3EF55D00D353FB /* Functions in Frameworks */ = {isa = PBXBuildFile; productRef = 93DD9ECC2E3EF55D00D353FB /* Functions */; };
		93DD9ECF2E3EF55D00D353FB /* PostgREST in Frameworks */ = {isa = PBXBuildFile; productRef = 93DD9ECE2E3EF55D00D353FB /* PostgREST */; };
		93DD9ED12E3EF55D00D353FB /* Realtime in Frameworks */ = {isa = PBXBuildFile; productRef = 93DD9ED02E3EF55D00D353FB /* Realtime */; };
		93DD9ED32E3EF55D00D353FB /* Storage in Frameworks */ = {isa = PBXBuildFile; productRef = 93DD9ED22E3EF55D00D353FB /* Storage */; };
		93DD9ED52E3EF56300D353FB /* GoogleSignIn in Frameworks */ = {isa = PBXBuildFile; productRef = 93DD9ED42E3EF56300D353FB /* GoogleSignIn */; };
		93DD9ED72E3EF56300D353FB /* GoogleSignInSwift in Frameworks */ = {isa = PBXBuildFile; productRef = 93DD9ED62E3EF56300D353FB /* GoogleSignInSwift */; };
/* End PBXBuildFile section */

/* Begin PBXContainerItemProxy section */
		9391E6402E3098A500606B04 /* PBXContainerItemProxy */ = {
			isa = PBXContainerItemProxy;
			containerPortal = 9391E6282E3098A300606B04 /* Project object */;
			proxyType = 1;
			remoteGlobalIDString = 9391E62F2E3098A300606B04;
			remoteInfo = rufus;
		};
		9391E64A2E3098A500606B04 /* PBXContainerItemProxy */ = {
			isa = PBXContainerItemProxy;
			containerPortal = 9391E6282E3098A300606B04 /* Project object */;
			proxyType = 1;
			remoteGlobalIDString = 9391E62F2E3098A300606B04;
			remoteInfo = rufus;
		};
/* End PBXContainerItemProxy section */

/* Begin PBXFileReference section */
		9391E6302E3098A300606B04 /* beacon.app */ = {isa = PBXFileReference; explicitFileType = wrapper.application; includeInIndex = 0; path = beacon.app; sourceTree = BUILT_PRODUCTS_DIR; };
		9391E63F2E3098A500606B04 /* rufusTests.xctest */ = {isa = PBXFileReference; explicitFileType = wrapper.cfbundle; includeInIndex = 0; name = rufusTests.xctest; path = beacon.xctest; sourceTree = BUILT_PRODUCTS_DIR; };
		9391E6492E3098A500606B04 /* rufusUITests.xctest */ = {isa = PBXFileReference; explicitFileType = wrapper.cfbundle; includeInIndex = 0; name = rufusUITests.xctest; path = beacon.xctest; sourceTree = BUILT_PRODUCTS_DIR; };
/* End PBXFileReference section */

/* Begin PBXFileSystemSynchronizedBuildFileExceptionSet section */
		93DD9EDC2E3FA41A00D353FB /* Exceptions for "rufus" folder in "rufus" target */ = {
			isa = PBXFileSystemSynchronizedBuildFileExceptionSet;
			membershipExceptions = (
				Info.plist,
			);
			target = 9391E62F2E3098A300606B04 /* rufus */;
		};
/* End PBXFileSystemSynchronizedBuildFileExceptionSet section */

/* Begin PBXFileSystemSynchronizedRootGroup section */
		9391E6322E3098A300606B04 /* rufus */ = {
			isa = PBXFileSystemSynchronizedRootGroup;
			exceptions = (
				93DD9EDC2E3FA41A00D353FB /* Exceptions for "rufus" folder in "rufus" target */,
			);
			path = rufus;
			sourceTree = "<group>";
		};
		9391E6422E3098A500606B04 /* rufusTests */ = {
			isa = PBXFileSystemSynchronizedRootGroup;
			path = rufusTests;
			sourceTree = "<group>";
		};
		9391E64C2E3098A500606B04 /* rufusUITests */ = {
			isa = PBXFileSystemSynchronizedRootGroup;
			path = rufusUITests;
			sourceTree = "<group>";
		};
/* End PBXFileSystemSynchronizedRootGroup section */

/* Begin PBXFrameworksBuildPhase section */
		9391E62D2E3098A300606B04 /* Frameworks */ = {
			isa = PBXFrameworksBuildPhase;
			buildActionMask = 2147483647;
			files = (
				93DD9ED32E3EF55D00D353FB /* Storage in Frameworks */,
				93DD9ECF2E3EF55D00D353FB /* PostgREST in Frameworks */,
				93DD9ECD2E3EF55D00D353FB /* Functions in Frameworks */,
				93DD9ED72E3EF56300D353FB /* GoogleSignInSwift in Frameworks */,
				93DD9ECB2E3EF55D00D353FB /* Auth in Frameworks */,
				93DD9ED12E3EF55D00D353FB /* Realtime in Frameworks */,
				93DD9EC92E3EF55900D353FB /* Supabase in Frameworks */,
				93DD9ED52E3EF56300D353FB /* GoogleSignIn in Frameworks */,
			);
			runOnlyForDeploymentPostprocessing = 0;
		};
		9391E63C2E3098A500606B04 /* Frameworks */ = {
			isa = PBXFrameworksBuildPhase;
			buildActionMask = 2147483647;
			files = (
			);
			runOnlyForDeploymentPostprocessing = 0;
		};
		9391E6462E3098A500606B04 /* Frameworks */ = {
			isa = PBXFrameworksBuildPhase;
			buildActionMask = 2147483647;
			files = (
			);
			runOnlyForDeploymentPostprocessing = 0;
		};
/* End PBXFrameworksBuildPhase section */

/* Begin PBXGroup section */
		9391E6272E3098A300606B04 = {
			isa = PBXGroup;
			children = (
				9391E6322E3098A300606B04 /* rufus */,
				9391E6422E3098A500606B04 /* rufusTests */,
				9391E64C2E3098A500606B04 /* rufusUITests */,
				93DD9EC72E3EF54500D353FB /* Frameworks */,
				9391E6312E3098A300606B04 /* Products */,
			);
			sourceTree = "<group>";
		};
		9391E6312E3098A300606B04 /* Products */ = {
			isa = PBXGroup;
			children = (
				9391E6302E3098A300606B04 /* beacon.app */,
				9391E63F2E3098A500606B04 /* rufusTests.xctest */,
				9391E6492E3098A500606B04 /* rufusUITests.xctest */,
			);
			name = Products;
			sourceTree = "<group>";
		};
		93DD9EC72E3EF54500D353FB /* Frameworks */ = {
			isa = PBXGroup;
			children = (
			);
			name = Frameworks;
			sourceTree = "<group>";
		};
/* End PBXGroup section */

/* Begin PBXNativeTarget section */
		9391E62F2E3098A300606B04 /* rufus */ = {
			isa = PBXNativeTarget;
			buildConfigurationList = 9391E6532E3098A500606B04 /* Build configuration list for PBXNativeTarget "rufus" */;
			buildPhases = (
				9391E62C2E3098A300606B04 /* Sources */,
				9391E62D2E3098A300606B04 /* Frameworks */,
				9391E62E2E3098A300606B04 /* Resources */,
			);
			buildRules = (
			);
			dependencies = (
			);
			fileSystemSynchronizedGroups = (
				9391E6322E3098A300606B04 /* rufus */,
			);
			name = rufus;
			packageProductDependencies = (
				93DD9EC82E3EF55900D353FB /* Supabase */,
				93DD9ECA2E3EF55D00D353FB /* Auth */,
				93DD9ECC2E3EF55D00D353FB /* Functions */,
				93DD9ECE2E3EF55D00D353FB /* PostgREST */,
				93DD9ED02E3EF55D00D353FB /* Realtime */,
				93DD9ED22E3EF55D00D353FB /* Storage */,
				93DD9ED42E3EF56300D353FB /* GoogleSignIn */,
				93DD9ED62E3EF56300D353FB /* GoogleSignInSwift */,
			);
			productName = rufus;
			productReference = 9391E6302E3098A300606B04 /* beacon.app */;
			productType = "com.apple.product-type.application";
		};
		9391E63E2E3098A500606B04 /* rufusTests */ = {
			isa = PBXNativeTarget;
			buildConfigurationList = 9391E6562E3098A500606B04 /* Build configuration list for PBXNativeTarget "rufusTests" */;
			buildPhases = (
				9391E63B2E3098A500606B04 /* Sources */,
				9391E63C2E3098A500606B04 /* Frameworks */,
				9391E63D2E3098A500606B04 /* Resources */,
			);
			buildRules = (
			);
			dependencies = (
				9391E6412E3098A500606B04 /* PBXTargetDependency */,
			);
			fileSystemSynchronizedGroups = (
				9391E6422E3098A500606B04 /* rufusTests */,
			);
			name = rufusTests;
			packageProductDependencies = (
			);
			productName = rufusTests;
			productReference = 9391E63F2E3098A500606B04 /* rufusTests.xctest */;
			productType = "com.apple.product-type.bundle.unit-test";
		};
		9391E6482E3098A500606B04 /* rufusUITests */ = {
			isa = PBXNativeTarget;
			buildConfigurationList = 9391E6592E3098A500606B04 /* Build configuration list for PBXNativeTarget "rufusUITests" */;
			buildPhases = (
				9391E6452E3098A500606B04 /* Sources */,
				9391E6462E3098A500606B04 /* Frameworks */,
				9391E6472E3098A500606B04 /* Resources */,
			);
			buildRules = (
			);
			dependencies = (
				9391E64B2E3098A500606B04 /* PBXTargetDependency */,
			);
			fileSystemSynchronizedGroups = (
				9391E64C2E3098A500606B04 /* rufusUITests */,
			);
			name = rufusUITests;
			packageProductDependencies = (
			);
			productName = rufusUITests;
			productReference = 9391E6492E3098A500606B04 /* rufusUITests.xctest */;
			productType = "com.apple.product-type.bundle.ui-testing";
		};
/* End PBXNativeTarget section */

/* Begin PBXProject section */
		9391E6282E3098A300606B04 /* Project object */ = {
			isa = PBXProject;
			attributes = {
				BuildIndependentTargetsInParallel = 1;
				LastSwiftUpdateCheck = 1640;
				LastUpgradeCheck = 1640;
				TargetAttributes = {
					9391E62F2E3098A300606B04 = {
						CreatedOnToolsVersion = 16.4;
					};
					9391E63E2E3098A500606B04 = {
						CreatedOnToolsVersion = 16.4;
						TestTargetID = 9391E62F2E3098A300606B04;
					};
					9391E6482E3098A500606B04 = {
						CreatedOnToolsVersion = 16.4;
						TestTargetID = 9391E62F2E3098A300606B04;
					};
				};
			};
			buildConfigurationList = 9391E62B2E3098A300606B04 /* Build configuration list for PBXProject "rufus" */;
			developmentRegion = en;
			hasScannedForEncodings = 0;
			knownRegions = (
				en,
				Base,
			);
			mainGroup = 9391E6272E3098A300606B04;
			minimizedProjectReferenceProxies = 1;
			packageReferences = (
				936672712E3C752F00FFFBDC /* XCRemoteSwiftPackageReference "supabase-swift" */,
				936672722E3C755200FFFBDC /* XCRemoteSwiftPackageReference "GoogleSignIn-iOS" */,
			);
			preferredProjectObjectVersion = 77;
			productRefGroup = 9391E6312E3098A300606B04 /* Products */;
			projectDirPath = "";
			projectRoot = "";
			targets = (
				9391E62F2E3098A300606B04 /* rufus */,
				9391E63E2E3098A500606B04 /* rufusTests */,
				9391E6482E3098A500606B04 /* rufusUITests */,
			);
		};
/* End PBXProject section */

/* Begin PBXResourcesBuildPhase section */
		9391E62E2E3098A300606B04 /* Resources */ = {
			isa = PBXResourcesBuildPhase;
			buildActionMask = 2147483647;
			files = (
			);
			runOnlyForDeploymentPostprocessing = 0;
		};
		9391E63D2E3098A500606B04 /* Resources */ = {
			isa = PBXResourcesBuildPhase;
			buildActionMask = 2147483647;
			files = (
			);
			runOnlyForDeploymentPostprocessing = 0;
		};
		9391E6472E3098A500606B04 /* Resources */ = {
			isa = PBXResourcesBuildPhase;
			buildActionMask = 2147483647;
			files = (
			);
			runOnlyForDeploymentPostprocessing = 0;
		};
/* End PBXResourcesBuildPhase section */

/* Begin PBXSourcesBuildPhase section */
		9391E62C2E3098A300606B04 /* Sources */ = {
			isa = PBXSourcesBuildPhase;
			buildActionMask = 2147483647;
			files = (
			);
			runOnlyForDeploymentPostprocessing = 0;
		};
		9391E63B2E3098A500606B04 /* Sources */ = {
			isa = PBXSourcesBuildPhase;
			buildActionMask = 2147483647;
			files = (
			);
			runOnlyForDeploymentPostprocessing = 0;
		};
		9391E6452E3098A500606B04 /* Sources */ = {
			isa = PBXSourcesBuildPhase;
			buildActionMask = 2147483647;
			files = (
			);
			runOnlyForDeploymentPostprocessing = 0;
		};
/* End PBXSourcesBuildPhase section */

/* Begin PBXTargetDependency section */
		9391E6412E3098A500606B04 /* PBXTargetDependency */ = {
			isa = PBXTargetDependency;
			target = 9391E62F2E3098A300606B04 /* rufus */;
			targetProxy = 9391E6402E3098A500606B04 /* PBXContainerItemProxy */;
		};
		9391E64B2E3098A500606B04 /* PBXTargetDependency */ = {
			isa = PBXTargetDependency;
			target = 9391E62F2E3098A300606B04 /* rufus */;
			targetProxy = 9391E64A2E3098A500606B04 /* PBXContainerItemProxy */;
		};
/* End PBXTargetDependency section */

/* Begin XCBuildConfiguration section */
		9391E6512E3098A500606B04 /* Debug */ = {
			isa = XCBuildConfiguration;
			buildSettings = {
				ALWAYS_SEARCH_USER_PATHS = NO;
				ASSETCATALOG_COMPILER_GENERATE_SWIFT_ASSET_SYMBOL_EXTENSIONS = YES;
				CLANG_ANALYZER_NONNULL = YES;
				CLANG_ANALYZER_NUMBER_OBJECT_CONVERSION = YES_AGGRESSIVE;
				CLANG_CXX_LANGUAGE_STANDARD = "gnu++20";
				CLANG_ENABLE_MODULES = YES;
				CLANG_ENABLE_OBJC_ARC = YES;
				CLANG_ENABLE_OBJC_WEAK = YES;
				CLANG_WARN_BLOCK_CAPTURE_AUTORELEASING = YES;
				CLANG_WARN_BOOL_CONVERSION = YES;
				CLANG_WARN_COMMA = YES;
				CLANG_WARN_CONSTANT_CONVERSION = YES;
				CLANG_WARN_DEPRECATED_OBJC_IMPLEMENTATIONS = YES;
				CLANG_WARN_DIRECT_OBJC_ISA_USAGE = YES_ERROR;
				CLANG_WARN_DOCUMENTATION_COMMENTS = YES;
				CLANG_WARN_EMPTY_BODY = YES;
				CLANG_WARN_ENUM_CONVERSION = YES;
				CLANG_WARN_INFINITE_RECURSION = YES;
				CLANG_WARN_INT_CONVERSION = YES;
				CLANG_WARN_NON_LITERAL_NULL_CONVERSION = YES;
				CLANG_WARN_OBJC_IMPLICIT_RETAIN_SELF = YES;
				CLANG_WARN_OBJC_LITERAL_CONVERSION = YES;
				CLANG_WARN_OBJC_ROOT_CLASS = YES_ERROR;
				CLANG_WARN_QUOTED_INCLUDE_IN_FRAMEWORK_HEADER = YES;
				CLANG_WARN_RANGE_LOOP_ANALYSIS = YES;
				CLANG_WARN_STRICT_PROTOTYPES = YES;
				CLANG_WARN_SUSPICIOUS_MOVE = YES;
				CLANG_WARN_UNGUARDED_AVAILABILITY = YES_AGGRESSIVE;
				CLANG_WARN_UNREACHABLE_CODE = YES;
				CLANG_WARN__DUPLICATE_METHOD_MATCH = YES;
				COPY_PHASE_STRIP = NO;
				DEBUG_INFORMATION_FORMAT = dwarf;
				ENABLE_STRICT_OBJC_MSGSEND = YES;
				ENABLE_TESTABILITY = YES;
				ENABLE_USER_SCRIPT_SANDBOXING = YES;
				GCC_C_LANGUAGE_STANDARD = gnu17;
				GCC_DYNAMIC_NO_PIC = NO;
				GCC_NO_COMMON_BLOCKS = YES;
				GCC_OPTIMIZATION_LEVEL = 0;
				GCC_PREPROCESSOR_DEFINITIONS = (
					"DEBUG=1",
					"$(inherited)",
				);
				GCC_WARN_64_TO_32_BIT_CONVERSION = YES;
				GCC_WARN_ABOUT_RETURN_TYPE = YES_ERROR;
				GCC_WARN_UNDECLARED_SELECTOR = YES;
				GCC_WARN_UNINITIALIZED_AUTOS = YES_AGGRESSIVE;
				GCC_WARN_UNUSED_FUNCTION = YES;
				GCC_WARN_UNUSED_VARIABLE = YES;
				IPHONEOS_DEPLOYMENT_TARGET = 17.0;
				LOCALIZATION_PREFERS_STRING_CATALOGS = YES;
				MTL_ENABLE_DEBUG_INFO = INCLUDE_SOURCE;
				MTL_FAST_MATH = YES;
				ONLY_ACTIVE_ARCH = YES;
				SDKROOT = iphoneos;
				SWIFT_ACTIVE_COMPILATION_CONDITIONS = "DEBUG $(inherited)";
				SWIFT_OPTIMIZATION_LEVEL = "-Onone";
			};
			name = Debug;
		};
		9391E6522E3098A500606B04 /* Release */ = {
			isa = XCBuildConfiguration;
			buildSettings = {
				ALWAYS_SEARCH_USER_PATHS = NO;
				ASSETCATALOG_COMPILER_GENERATE_SWIFT_ASSET_SYMBOL_EXTENSIONS = YES;
				CLANG_ANALYZER_NONNULL = YES;
				CLANG_ANALYZER_NUMBER_OBJECT_CONVERSION = YES_AGGRESSIVE;
				CLANG_CXX_LANGUAGE_STANDARD = "gnu++20";
				CLANG_ENABLE_MODULES = YES;
				CLANG_ENABLE_OBJC_ARC = YES;
				CLANG_ENABLE_OBJC_WEAK = YES;
				CLANG_WARN_BLOCK_CAPTURE_AUTORELEASING = YES;
				CLANG_WARN_BOOL_CONVERSION = YES;
				CLANG_WARN_COMMA = YES;
				CLANG_WARN_CONSTANT_CONVERSION = YES;
				CLANG_WARN_DEPRECATED_OBJC_IMPLEMENTATIONS = YES;
				CLANG_WARN_DIRECT_OBJC_ISA_USAGE = YES_ERROR;
				CLANG_WARN_DOCUMENTATION_COMMENTS = YES;
				CLANG_WARN_EMPTY_BODY = YES;
				CLANG_WARN_ENUM_CONVERSION = YES;
				CLANG_WARN_INFINITE_RECURSION = YES;
				CLANG_WARN_INT_CONVERSION = YES;
				CLANG_WARN_NON_LITERAL_NULL_CONVERSION = YES;
				CLANG_WARN_OBJC_IMPLICIT_RETAIN_SELF = YES;
				CLANG_WARN_OBJC_LITERAL_CONVERSION = YES;
				CLANG_WARN_OBJC_ROOT_CLASS = YES_ERROR;
				CLANG_WARN_QUOTED_INCLUDE_IN_FRAMEWORK_HEADER = YES;
				CLANG_WARN_RANGE_LOOP_ANALYSIS = YES;
				CLANG_WARN_STRICT_PROTOTYPES = YES;
				CLANG_WARN_SUSPICIOUS_MOVE = YES;
				CLANG_WARN_UNGUARDED_AVAILABILITY = YES_AGGRESSIVE;
				CLANG_WARN_UNREACHABLE_CODE = YES;
				CLANG_WARN__DUPLICATE_METHOD_MATCH = YES;
				COPY_PHASE_STRIP = NO;
				DEBUG_INFORMATION_FORMAT = "dwarf-with-dsym";
				ENABLE_NS_ASSERTIONS = NO;
				ENABLE_STRICT_OBJC_MSGSEND = YES;
				ENABLE_USER_SCRIPT_SANDBOXING = YES;
				GCC_C_LANGUAGE_STANDARD = gnu17;
				GCC_NO_COMMON_BLOCKS = YES;
				GCC_WARN_64_TO_32_BIT_CONVERSION = YES;
				GCC_WARN_ABOUT_RETURN_TYPE = YES_ERROR;
				GCC_WARN_UNDECLARED_SELECTOR = YES;
				GCC_WARN_UNINITIALIZED_AUTOS = YES_AGGRESSIVE;
				GCC_WARN_UNUSED_FUNCTION = YES;
				GCC_WARN_UNUSED_VARIABLE = YES;
				IPHONEOS_DEPLOYMENT_TARGET = 17.0;
				LOCALIZATION_PREFERS_STRING_CATALOGS = YES;
				MTL_ENABLE_DEBUG_INFO = NO;
				MTL_FAST_MATH = YES;
				SDKROOT = iphoneos;
				SWIFT_COMPILATION_MODE = wholemodule;
				VALIDATE_PRODUCT = YES;
			};
			name = Release;
		};
		9391E6542E3098A500606B04 /* Debug */ = {
			isa = XCBuildConfiguration;
			buildSettings = {
				ASSETCATALOG_COMPILER_APPICON_NAME = AppIcon;
				ASSETCATALOG_COMPILER_GLOBAL_ACCENT_COLOR_NAME = AccentColor;
				CODE_SIGN_STYLE = Automatic;
				CURRENT_PROJECT_VERSION = 1;
				ENABLE_PREVIEWS = YES;
				GENERATE_INFOPLIST_FILE = YES;
				INFOPLIST_FILE = rufus/Info.plist;
				INFOPLIST_KEY_UIApplicationSceneManifest_Generation = YES;
				INFOPLIST_KEY_UIApplicationSupportsIndirectInputEvents = YES;
				INFOPLIST_KEY_UILaunchScreen_Generation = YES;
				INFOPLIST_KEY_UISupportedInterfaceOrientations_iPad = "UIInterfaceOrientationPortrait UIInterfaceOrientationPortraitUpsideDown UIInterfaceOrientationLandscapeLeft UIInterfaceOrientationLandscapeRight";
				INFOPLIST_KEY_UISupportedInterfaceOrientations_iPhone = "UIInterfaceOrientationPortrait UIInterfaceOrientationLandscapeLeft UIInterfaceOrientationLandscapeRight";
				LD_RUNPATH_SEARCH_PATHS = (
					"$(inherited)",
					"@executable_path/Frameworks",
				);
				MARKETING_VERSION = 1.0;
				PRODUCT_BUNDLE_IDENTIFIER = mubashir1osmani.beacon;
				PRODUCT_NAME = beacon;
				SWIFT_EMIT_LOC_STRINGS = YES;
				SWIFT_VERSION = 5.0;
				TARGETED_DEVICE_FAMILY = "1,2";
			};
			name = Debug;
		};
		9391E6552E3098A500606B04 /* Release */ = {
			isa = XCBuildConfiguration;
			buildSettings = {
				ASSETCATALOG_COMPILER_APPICON_NAME = AppIcon;
				ASSETCATALOG_COMPILER_GLOBAL_ACCENT_COLOR_NAME = AccentColor;
				CODE_SIGN_STYLE = Automatic;
				CURRENT_PROJECT_VERSION = 1;
				ENABLE_PREVIEWS = YES;
				GENERATE_INFOPLIST_FILE = YES;
				INFOPLIST_FILE = rufus/Info.plist;
				INFOPLIST_KEY_UIApplicationSceneManifest_Generation = YES;
				INFOPLIST_KEY_UIApplicationSupportsIndirectInputEvents = YES;
				INFOPLIST_KEY_UILaunchScreen_Generation = YES;
				INFOPLIST_KEY_UISupportedInterfaceOrientations_iPad = "UIInterfaceOrientationPortrait UIInterfaceOrientationPortraitUpsideDown UIInterfaceOrientationLandscapeLeft UIInterfaceOrientationLandscapeRight";
				INFOPLIST_KEY_UISupportedInterfaceOrientations_iPhone = "UIInterfaceOrientationPortrait UIInterfaceOrientationLandscapeLeft UIInterfaceOrientationLandscapeRight";
				LD_RUNPATH_SEARCH_PATHS = (
					"$(inherited)",
					"@executable_path/Frameworks",
				);
				MARKETING_VERSION = 1.0;
				PRODUCT_BUNDLE_IDENTIFIER = mubashir1osmani.beacon;
				PRODUCT_NAME = beacon;
				SWIFT_EMIT_LOC_STRINGS = YES;
				SWIFT_VERSION = 5.0;
				TARGETED_DEVICE_FAMILY = "1,2";
			};
			name = Release;
		};
		9391E6572E3098A500606B04 /* Debug */ = {
			isa = XCBuildConfiguration;
			buildSettings = {
				BUNDLE_LOADER = "$(TEST_HOST)";
				CODE_SIGN_STYLE = Automatic;
				CURRENT_PROJECT_VERSION = 1;
				GENERATE_INFOPLIST_FILE = YES;
				IPHONEOS_DEPLOYMENT_TARGET = 17.0;
				MARKETING_VERSION = 1.0;
				PRODUCT_BUNDLE_IDENTIFIER = mubashir1osmani.beaconTests;
				PRODUCT_NAME = beacon;
				SWIFT_EMIT_LOC_STRINGS = NO;
				SWIFT_VERSION = 5.0;
				TARGETED_DEVICE_FAMILY = "1,2";
				TEST_HOST = "$(BUILT_PRODUCTS_DIR)/rufus.app/$(BUNDLE_EXECUTABLE_FOLDER_PATH)/rufus";
			};
			name = Debug;
		};
		9391E6582E3098A500606B04 /* Release */ = {
			isa = XCBuildConfiguration;
			buildSettings = {
				BUNDLE_LOADER = "$(TEST_HOST)";
				CODE_SIGN_STYLE = Automatic;
				CURRENT_PROJECT_VERSION = 1;
				GENERATE_INFOPLIST_FILE = YES;
				IPHONEOS_DEPLOYMENT_TARGET = 17.0;
				MARKETING_VERSION = 1.0;
				PRODUCT_BUNDLE_IDENTIFIER = mubashir1osmani.beaconTests;
				PRODUCT_NAME = beacon;
				SWIFT_EMIT_LOC_STRINGS = NO;
				SWIFT_VERSION = 5.0;
				TARGETED_DEVICE_FAMILY = "1,2";
				TEST_HOST = "$(BUILT_PRODUCTS_DIR)/rufus.app/$(BUNDLE_EXECUTABLE_FOLDER_PATH)/rufus";
			};
			name = Release;
		};
		9391E65A2E3098A500606B04 /* Debug */ = {
			isa = XCBuildConfiguration;
			buildSettings = {
				CODE_SIGN_STYLE = Automatic;
				CURRENT_PROJECT_VERSION = 1;
				GENERATE_INFOPLIST_FILE = YES;
				MARKETING_VERSION = 1.0;
				PRODUCT_BUNDLE_IDENTIFIER = mubashir1osmani.beaconUITests;
				PRODUCT_NAME = beacon;
				SWIFT_EMIT_LOC_STRINGS = NO;
				SWIFT_VERSION = 5.0;
				TARGETED_DEVICE_FAMILY = "1,2";
				TEST_TARGET_NAME = rufus;
			};
			name = Debug;
		};
		9391E65B2E3098A500606B04 /* Release */ = {
			isa = XCBuildConfiguration;
			buildSettings = {
				CODE_SIGN_STYLE = Automatic;
				CURRENT_PROJECT_VERSION = 1;
				GENERATE_INFOPLIST_FILE = YES;
				MARKETING_VERSION = 1.0;
				PRODUCT_BUNDLE_IDENTIFIER = mubashir1osmani.beaconUITests;
				PRODUCT_NAME = beacon;
				SWIFT_EMIT_LOC_STRINGS = NO;
				SWIFT_VERSION = 5.0;
				TARGETED_DEVICE_FAMILY = "1,2";
				TEST_TARGET_NAME = rufus;
			};
			name = Release;
		};
/* End XCBuildConfiguration section */

/* Begin XCConfigurationList section */
		9391E62B2E3098A300606B04 /* Build configuration list for PBXProject "rufus" */ = {
			isa = XCConfigurationList;
			buildConfigurations = (
				9391E6512E3098A500606B04 /* Debug */,
				9391E6522E3098A500606B04 /* Release */,
			);
			defaultConfigurationIsVisible = 0;
			defaultConfigurationName = Release;
		};
		9391E6532E3098A500606B04 /* Build configuration list for PBXNativeTarget "rufus" */ = {
			isa = XCConfigurationList;
			buildConfigurations = (
				9391E6542E3098A500606B04 /* Debug */,
				9391E6552E3098A500606B04 /* Release */,
			);
			defaultConfigurationIsVisible = 0;
			defaultConfigurationName = Release;
		};
		9391E6562E3098A500606B04 /* Build configuration list for PBXNativeTarget "rufusTests" */ = {
			isa = XCConfigurationList;
			buildConfigurations = (
				9391E6572E3098A500606B04 /* Debug */,
				9391E6582E3098A500606B04 /* Release */,
			);
			defaultConfigurationIsVisible = 0;
			defaultConfigurationName = Release;
		};
		9391E6592E3098A500606B04 /* Build configuration list for PBXNativeTarget "rufusUITests" */ = {
			isa = XCConfigurationList;
			buildConfigurations = (
				9391E65A2E3098A500606B04 /* Debug */,
				9391E65B2E3098A500606B04 /* Release */,
			);
			defaultConfigurationIsVisible = 0;
			defaultConfigurationName = Release;
		};
/* End XCConfigurationList section */

/* Begin XCRemoteSwiftPackageReference section */
		936672712E3C752F00FFFBDC /* XCRemoteSwiftPackageReference "supabase-swift" */ = {
			isa = XCRemoteSwiftPackageReference;
			repositoryURL = "https://github.com/supabase/supabase-swift";
			requirement = {
				kind = upToNextMajorVersion;
				minimumVersion = 2.5.1;
			};
		};
		936672722E3C755200FFFBDC /* XCRemoteSwiftPackageReference "GoogleSignIn-iOS" */ = {
			isa = XCRemoteSwiftPackageReference;
			repositoryURL = "https://github.com/google/GoogleSignIn-iOS";
			requirement = {
				kind = upToNextMajorVersion;
				minimumVersion = 9.0.0;
			};
		};
/* End XCRemoteSwiftPackageReference section */

/* Begin XCSwiftPackageProductDependency section */
		93DD9EC82E3EF55900D353FB /* Supabase */ = {
			isa = XCSwiftPackageProductDependency;
			package = 936672712E3C752F00FFFBDC /* XCRemoteSwiftPackageReference "supabase-swift" */;
			productName = Supabase;
		};
		93DD9ECA2E3EF55D00D353FB /* Auth */ = {
			isa = XCSwiftPackageProductDependency;
			package = 936672712E3C752F00FFFBDC /* XCRemoteSwiftPackageReference "supabase-swift" */;
			productName = Auth;
		};
		93DD9ECC2E3EF55D00D353FB /* Functions */ = {
			isa = XCSwiftPackageProductDependency;
			package = 936672712E3C752F00FFFBDC /* XCRemoteSwiftPackageReference "supabase-swift" */;
			productName = Functions;
		};
		93DD9ECE2E3EF55D00D353FB /* PostgREST */ = {
			isa = XCSwiftPackageProductDependency;
			package = 936672712E3C752F00FFFBDC /* XCRemoteSwiftPackageReference "supabase-swift" */;
			productName = PostgREST;
		};
		93DD9ED02E3EF55D00D353FB /* Realtime */ = {
			isa = XCSwiftPackageProductDependency;
			package = 936672712E3C752F00FFFBDC /* XCRemoteSwiftPackageReference "supabase-swift" */;
			productName = Realtime;
		};
		93DD9ED22E3EF55D00D353FB /* Storage */ = {
			isa = XCSwiftPackageProductDependency;
			package = 936672712E3C752F00FFFBDC /* XCRemoteSwiftPackageReference "supabase-swift" */;
			productName = Storage;
		};
		93DD9ED42E3EF56300D353FB /* GoogleSignIn */ = {
			isa = XCSwiftPackageProductDependency;
			package = 936672722E3C755200FFFBDC /* XCRemoteSwiftPackageReference "GoogleSignIn-iOS" */;
			productName = GoogleSignIn;
		};
		93DD9ED62E3EF56300D353FB /* GoogleSignInSwift */ = {
			isa = XCSwiftPackageProductDependency;
			package = 936672722E3C755200FFFBDC /* XCRemoteSwiftPackageReference "GoogleSignIn-iOS" */;
			productName = GoogleSignInSwift;
		};
/* End XCSwiftPackageProductDependency section */
	};
	rootObject = 9391E6282E3098A300606B04 /* Project object */;
}
